
Microsoft Visual Studio Solution File, Format Version 12.00
# Visual Studio Version 16
VisualStudioVersion = 16.0.30621.155
MinimumVisualStudioVersion = 10.0.40219.1
Project("{FAE04EC0-301F-11D3-BF4B-00C04F79EFBC}") = "practicaMMV2021", "practicaMMV2021.csproj", "{9240186B-9F08-45E9-BDF4-6220082C225A}"
EndProject
Global
	GlobalSection(SolutionConfigurationPlatforms) = preSolution
		Debug|Any CPU = Debug|Any CPU
		Release|Any CPU = Release|Any CPU
	EndGlobalSection
	GlobalSection(ProjectConfigurationPlatforms) = postSolution
		{9240186B-9F08-45E9-BDF4-6220082C225A}.Debug|Any CPU.ActiveCfg = Debug|Any CPU
		{9240186B-9F08-45E9-BDF4-6220082C225A}.Debug|Any CPU.Build.0 = Debug|Any CPU
		{9240186B-9F08-45E9-BDF4-6220082C225A}.Release|Any CPU.ActiveCfg = Release|Any CPU
		{9240186B-9F08-45E9-BDF4-6220082C225A}.Release|Any CPU.Build.0 = Release|Any CPU
	EndGlobalSection
	GlobalSection(SolutionProperties) = preSolution
		HideSolutionNode = FALSE
	EndGlobalSection
	GlobalSection(ExtensibilityGlobals) = postSolution
		SolutionGuid = {AD3343B9-A59A-49E6-BC0C-B4CC3B8561FC}
	EndGlobalSection
EndGlobal
